
Microsoft Visual Studio Solution File, Format Version 12.00
# Visual Studio Version 17
VisualStudioVersion = 17.5.33414.496
MinimumVisualStudioVersion = 10.0.40219.1
Project("{9A19103F-16F7-4668-BE54-9A1E7A4F7556}") = "fnecore", "fnecore\fnecore.csproj", "{D66F256D-569D-4654-9300-3D42D36E6A4F}"
EndProject
Project("{9A19103F-16F7-4668-BE54-9A1E7A4F7556}") = "fnerouter", "fnerouter\fnerouter.csproj", "{FA7D7171-CA27-4E82-A7F0-7DDD22C53379}"
EndProject
Project("{9A19103F-16F7-4668-BE54-9A1E7A4F7556}") = "fneparrot", "fneparrot\fneparrot.csproj", "{29A55B08-D40B-4A1D-A5D1-89D105002BCE}"
EndProject
Global
	GlobalSection(SolutionConfigurationPlatforms) = preSolution
		Debug|Any CPU = Debug|Any CPU
		Release|Any CPU = Release|Any CPU
	EndGlobalSection
	GlobalSection(ProjectConfigurationPlatforms) = postSolution
		{D66F256D-569D-4654-9300-3D42D36E6A4F}.Debug|Any CPU.ActiveCfg = Debug|Any CPU
		{D66F256D-569D-4654-9300-3D42D36E6A4F}.Debug|Any CPU.Build.0 = Debug|Any CPU
		{D66F256D-569D-4654-9300-3D42D36E6A4F}.Release|Any CPU.ActiveCfg = Release|Any CPU
		{D66F256D-569D-4654-9300-3D42D36E6A4F}.Release|Any CPU.Build.0 = Release|Any CPU
		{FA7D7171-CA27-4E82-A7F0-7DDD22C53379}.Debug|Any CPU.ActiveCfg = Debug|Any CPU
		{FA7D7171-CA27-4E82-A7F0-7DDD22C53379}.Debug|Any CPU.Build.0 = Debug|Any CPU
		{FA7D7171-CA27-4E82-A7F0-7DDD22C53379}.Release|Any CPU.ActiveCfg = Release|Any CPU
		{FA7D7171-CA27-4E82-A7F0-7DDD22C53379}.Release|Any CPU.Build.0 = Release|Any CPU
		{29A55B08-D40B-4A1D-A5D1-89D105002BCE}.Debug|Any CPU.ActiveCfg = Debug|Any CPU
		{29A55B08-D40B-4A1D-A5D1-89D105002BCE}.Debug|Any CPU.Build.0 = Debug|Any CPU
		{29A55B08-D40B-4A1D-A5D1-89D105002BCE}.Release|Any CPU.ActiveCfg = Release|Any CPU
		{29A55B08-D40B-4A1D-A5D1-89D105002BCE}.Release|Any CPU.Build.0 = Release|Any CPU
	EndGlobalSection
	GlobalSection(SolutionProperties) = preSolution
		HideSolutionNode = FALSE
	EndGlobalSection
	GlobalSection(ExtensibilityGlobals) = postSolution
		SolutionGuid = {65A7E0BB-D420-4C3D-835A-FD9683A8381E}
	EndGlobalSection
EndGlobal
